
Microsoft Visual Studio Solution File, Format Version 12.00
# Visual Studio Version 16
VisualStudioVersion = 16.0.28917.181
MinimumVisualStudioVersion = 10.0.40219.1
Project("{FAE04EC0-301F-11D3-BF4B-00C04F79EFBC}") = "XamarinFormsCameraTest.Android", "XamarinFormsCameraTest\XamarinFormsCameraTest.Android\XamarinFormsCameraTest.Android.csproj", "{D999231F-B8EE-46CD-9E7B-B2A29E0D5BA4}"
EndProject
Project("{FAE04EC0-301F-11D3-BF4B-00C04F79EFBC}") = "XamarinFormsCameraTest.iOS", "XamarinFormsCameraTest\XamarinFormsCameraTest.iOS\XamarinFormsCameraTest.iOS.csproj", "{0C081FF9-A717-49D9-B3BB-44BE37B51A0D}"
EndProject
Project("{FAE04EC0-301F-11D3-BF4B-00C04F79EFBC}") = "XamarinFormsCameraTest", "XamarinFormsCameraTest\XamarinFormsCameraTest\XamarinFormsCameraTest.csproj", "{0F5E3B64-7809-4374-B3AB-CF2E4261E6B8}"
EndProject
Global
	GlobalSection(SolutionConfigurationPlatforms) = preSolution
		Debug|Any CPU = Debug|Any CPU
		Debug|iPhone = Debug|iPhone
		Debug|iPhoneSimulator = Debug|iPhoneSimulator
		Release|Any CPU = Release|Any CPU
		Release|iPhone = Release|iPhone
		Release|iPhoneSimulator = Release|iPhoneSimulator
	EndGlobalSection
	GlobalSection(ProjectConfigurationPlatforms) = postSolution
		{D999231F-B8EE-46CD-9E7B-B2A29E0D5BA4}.Debug|Any CPU.ActiveCfg = Debug|Any CPU
		{D999231F-B8EE-46CD-9E7B-B2A29E0D5BA4}.Debug|Any CPU.Build.0 = Debug|Any CPU
		{D999231F-B8EE-46CD-9E7B-B2A29E0D5BA4}.Debug|Any CPU.Deploy.0 = Debug|Any CPU
		{D999231F-B8EE-46CD-9E7B-B2A29E0D5BA4}.Debug|iPhone.ActiveCfg = Debug|Any CPU
		{D999231F-B8EE-46CD-9E7B-B2A29E0D5BA4}.Debug|iPhone.Build.0 = Debug|Any CPU
		{D999231F-B8EE-46CD-9E7B-B2A29E0D5BA4}.Debug|iPhone.Deploy.0 = Debug|Any CPU
		{D999231F-B8EE-46CD-9E7B-B2A29E0D5BA4}.Debug|iPhoneSimulator.ActiveCfg = Debug|Any CPU
		{D999231F-B8EE-46CD-9E7B-B2A29E0D5BA4}.Debug|iPhoneSimulator.Build.0 = Debug|Any CPU
		{D999231F-B8EE-46CD-9E7B-B2A29E0D5BA4}.Debug|iPhoneSimulator.Deploy.0 = Debug|Any CPU
		{D999231F-B8EE-46CD-9E7B-B2A29E0D5BA4}.Release|Any CPU.ActiveCfg = Release|Any CPU
		{D999231F-B8EE-46CD-9E7B-B2A29E0D5BA4}.Release|Any CPU.Build.0 = Release|Any CPU
		{D999231F-B8EE-46CD-9E7B-B2A29E0D5BA4}.Release|Any CPU.Deploy.0 = Release|Any CPU
		{D999231F-B8EE-46CD-9E7B-B2A29E0D5BA4}.Release|iPhone.ActiveCfg = Release|Any CPU
		{D999231F-B8EE-46CD-9E7B-B2A29E0D5BA4}.Release|iPhone.Build.0 = Release|Any CPU
		{D999231F-B8EE-46CD-9E7B-B2A29E0D5BA4}.Release|iPhone.Deploy.0 = Release|Any CPU
		{D999231F-B8EE-46CD-9E7B-B2A29E0D5BA4}.Release|iPhoneSimulator.ActiveCfg = Release|Any CPU
		{D999231F-B8EE-46CD-9E7B-B2A29E0D5BA4}.Release|iPhoneSimulator.Build.0 = Release|Any CPU
		{D999231F-B8EE-46CD-9E7B-B2A29E0D5BA4}.Release|iPhoneSimulator.Deploy.0 = Release|Any CPU
		{0C081FF9-A717-49D9-B3BB-44BE37B51A0D}.Debug|Any CPU.ActiveCfg = Debug|iPhoneSimulator
		{0C081FF9-A717-49D9-B3BB-44BE37B51A0D}.Debug|Any CPU.Build.0 = Debug|iPhoneSimulator
		{0C081FF9-A717-49D9-B3BB-44BE37B51A0D}.Debug|Any CPU.Deploy.0 = Debug|iPhoneSimulator
		{0C081FF9-A717-49D9-B3BB-44BE37B51A0D}.Debug|iPhone.ActiveCfg = Debug|iPhone
		{0C081FF9-A717-49D9-B3BB-44BE37B51A0D}.Debug|iPhone.Build.0 = Debug|iPhone
		{0C081FF9-A717-49D9-B3BB-44BE37B51A0D}.Debug|iPhone.Deploy.0 = Debug|iPhone
		{0C081FF9-A717-49D9-B3BB-44BE37B51A0D}.Debug|iPhoneSimulator.ActiveCfg = Debug|iPhoneSimulator
		{0C081FF9-A717-49D9-B3BB-44BE37B51A0D}.Debug|iPhoneSimulator.Build.0 = Debug|iPhoneSimulator
		{0C081FF9-A717-49D9-B3BB-44BE37B51A0D}.Debug|iPhoneSimulator.Deploy.0 = Debug|iPhoneSimulator
		{0C081FF9-A717-49D9-B3BB-44BE37B51A0D}.Release|Any CPU.ActiveCfg = Release|iPhone
		{0C081FF9-A717-49D9-B3BB-44BE37B51A0D}.Release|Any CPU.Build.0 = Release|iPhone
		{0C081FF9-A717-49D9-B3BB-44BE37B51A0D}.Release|Any CPU.Deploy.0 = Release|iPhone
		{0C081FF9-A717-49D9-B3BB-44BE37B51A0D}.Release|iPhone.ActiveCfg = Release|iPhone
		{0C081FF9-A717-49D9-B3BB-44BE37B51A0D}.Release|iPhone.Build.0 = Release|iPhone
		{0C081FF9-A717-49D9-B3BB-44BE37B51A0D}.Release|iPhone.Deploy.0 = Release|iPhone
		{0C081FF9-A717-49D9-B3BB-44BE37B51A0D}.Release|iPhoneSimulator.ActiveCfg = Release|iPhoneSimulator
		{0C081FF9-A717-49D9-B3BB-44BE37B51A0D}.Release|iPhoneSimulator.Build.0 = Release|iPhoneSimulator
		{0C081FF9-A717-49D9-B3BB-44BE37B51A0D}.Release|iPhoneSimulator.Deploy.0 = Release|iPhoneSimulator
		{0F5E3B64-7809-4374-B3AB-CF2E4261E6B8}.Debug|Any CPU.ActiveCfg = Debug|Any CPU
		{0F5E3B64-7809-4374-B3AB-CF2E4261E6B8}.Debug|Any CPU.Build.0 = Debug|Any CPU
		{0F5E3B64-7809-4374-B3AB-CF2E4261E6B8}.Debug|Any CPU.Deploy.0 = Debug|Any CPU
		{0F5E3B64-7809-4374-B3AB-CF2E4261E6B8}.Debug|iPhone.ActiveCfg = Debug|Any CPU
		{0F5E3B64-7809-4374-B3AB-CF2E4261E6B8}.Debug|iPhone.Build.0 = Debug|Any CPU
		{0F5E3B64-7809-4374-B3AB-CF2E4261E6B8}.Debug|iPhone.Deploy.0 = Debug|Any CPU
		{0F5E3B64-7809-4374-B3AB-CF2E4261E6B8}.Debug|iPhoneSimulator.ActiveCfg = Debug|Any CPU
		{0F5E3B64-7809-4374-B3AB-CF2E4261E6B8}.Debug|iPhoneSimulator.Build.0 = Debug|Any CPU
		{0F5E3B64-7809-4374-B3AB-CF2E4261E6B8}.Debug|iPhoneSimulator.Deploy.0 = Debug|Any CPU
		{0F5E3B64-7809-4374-B3AB-CF2E4261E6B8}.Release|Any CPU.ActiveCfg = Release|Any CPU
		{0F5E3B64-7809-4374-B3AB-CF2E4261E6B8}.Release|Any CPU.Build.0 = Release|Any CPU
		{0F5E3B64-7809-4374-B3AB-CF2E4261E6B8}.Release|Any CPU.Deploy.0 = Release|Any CPU
		{0F5E3B64-7809-4374-B3AB-CF2E4261E6B8}.Release|iPhone.ActiveCfg = Release|Any CPU
		{0F5E3B64-7809-4374-B3AB-CF2E4261E6B8}.Release|iPhone.Build.0 = Release|Any CPU
		{0F5E3B64-7809-4374-B3AB-CF2E4261E6B8}.Release|iPhone.Deploy.0 = Release|Any CPU
		{0F5E3B64-7809-4374-B3AB-CF2E4261E6B8}.Release|iPhoneSimulator.ActiveCfg = Release|Any CPU
		{0F5E3B64-7809-4374-B3AB-CF2E4261E6B8}.Release|iPhoneSimulator.Build.0 = Release|Any CPU
		{0F5E3B64-7809-4374-B3AB-CF2E4261E6B8}.Release|iPhoneSimulator.Deploy.0 = Release|Any CPU
	EndGlobalSection
	GlobalSection(SolutionProperties) = preSolution
		HideSolutionNode = FALSE
	EndGlobalSection
	GlobalSection(ExtensibilityGlobals) = postSolution
		SolutionGuid = {FB9D54E6-C811-4881-BD3A-6B5EBC8B766C}
	EndGlobalSection
EndGlobal
